{
  "requires": true,
  "lockfileVersion": 1,
  "dependencies": {
    "now": {
      "version": "16.3.1",
      "resolved": "https://registry.npmjs.org/now/-/now-16.3.1.tgz",
      "integrity": "sha512-bn+xHUiPRH1YRfe/hSo5WZUskOLX3igL4PTe9gnoLaUoq9ZuBQw5/6A4gG4VvW2HVQLgeRkp2OASfYnjuD+lcQ=="
    }
  }
}
